
Microsoft Visual Studio Solution File, Format Version 12.00
# Visual Studio Version 17
VisualStudioVersion = 17.4.33122.133
MinimumVisualStudioVersion = 10.0.40219.1
Project("{FAE04EC0-301F-11D3-BF4B-00C04F79EFBC}") = "Generics", "Generics.csproj", "{91E56F7E-BB1F-443C-B4AB-1E9E3E2E5F1B}"
EndProject
Global
	GlobalSection(SolutionConfigurationPlatforms) = preSolution
		Debug|Any CPU = Debug|Any CPU
		Release|Any CPU = Release|Any CPU
	EndGlobalSection
	GlobalSection(ProjectConfigurationPlatforms) = postSolution
		{91E56F7E-BB1F-443C-B4AB-1E9E3E2E5F1B}.Debug|Any CPU.ActiveCfg = Debug|Any CPU
		{91E56F7E-BB1F-443C-B4AB-1E9E3E2E5F1B}.Debug|Any CPU.Build.0 = Debug|Any CPU
		{91E56F7E-BB1F-443C-B4AB-1E9E3E2E5F1B}.Release|Any CPU.ActiveCfg = Release|Any CPU
		{91E56F7E-BB1F-443C-B4AB-1E9E3E2E5F1B}.Release|Any CPU.Build.0 = Release|Any CPU
	EndGlobalSection
	GlobalSection(SolutionProperties) = preSolution
		HideSolutionNode = FALSE
	EndGlobalSection
	GlobalSection(ExtensibilityGlobals) = postSolution
		SolutionGuid = {F078E254-802A-4C8B-9E43-CF240B541FFB}
	EndGlobalSection
EndGlobal
